
Microsoft Visual Studio Solution File, Format Version 12.00
# Visual Studio Version 17
VisualStudioVersion = 17.5.2.0
MinimumVisualStudioVersion = 10.0.40219.1
Project("{9A19103F-16F7-4668-BE54-9A1E7A4F7556}") = "VendingMachine", "VendingMachine.csproj", "{54075091-A126-51AC-D739-E8B20B866939}"
EndProject
Project("{FAE04EC0-301F-11D3-BF4B-00C04F79EFBC}") = "VendingMachineTest", "C:\Users\user\source\repos\VendingMachineTest\VendingMachineTest.csproj", "{93B6DA0A-D706-48D6-9CE8-675F9B74EBFF}"
EndProject
Global
	GlobalSection(SolutionConfigurationPlatforms) = preSolution
		Debug|Any CPU = Debug|Any CPU
		Debug|x64 = Debug|x64
		Debug|x86 = Debug|x86
		Release|Any CPU = Release|Any CPU
		Release|x64 = Release|x64
		Release|x86 = Release|x86
	EndGlobalSection
	GlobalSection(ProjectConfigurationPlatforms) = postSolution
		{54075091-A126-51AC-D739-E8B20B866939}.Debug|Any CPU.ActiveCfg = Debug|Any CPU
		{54075091-A126-51AC-D739-E8B20B866939}.Debug|Any CPU.Build.0 = Debug|Any CPU
		{54075091-A126-51AC-D739-E8B20B866939}.Debug|x64.ActiveCfg = Debug|Any CPU
		{54075091-A126-51AC-D739-E8B20B866939}.Debug|x64.Build.0 = Debug|Any CPU
		{54075091-A126-51AC-D739-E8B20B866939}.Debug|x86.ActiveCfg = Debug|Any CPU
		{54075091-A126-51AC-D739-E8B20B866939}.Debug|x86.Build.0 = Debug|Any CPU
		{54075091-A126-51AC-D739-E8B20B866939}.Release|Any CPU.ActiveCfg = Release|Any CPU
		{54075091-A126-51AC-D739-E8B20B866939}.Release|Any CPU.Build.0 = Release|Any CPU
		{54075091-A126-51AC-D739-E8B20B866939}.Release|x64.ActiveCfg = Release|Any CPU
		{54075091-A126-51AC-D739-E8B20B866939}.Release|x64.Build.0 = Release|Any CPU
		{54075091-A126-51AC-D739-E8B20B866939}.Release|x86.ActiveCfg = Release|Any CPU
		{54075091-A126-51AC-D739-E8B20B866939}.Release|x86.Build.0 = Release|Any CPU
		{93B6DA0A-D706-48D6-9CE8-675F9B74EBFF}.Debug|Any CPU.ActiveCfg = Debug|Any CPU
		{93B6DA0A-D706-48D6-9CE8-675F9B74EBFF}.Debug|Any CPU.Build.0 = Debug|Any CPU
		{93B6DA0A-D706-48D6-9CE8-675F9B74EBFF}.Debug|x64.ActiveCfg = Debug|Any CPU
		{93B6DA0A-D706-48D6-9CE8-675F9B74EBFF}.Debug|x64.Build.0 = Debug|Any CPU
		{93B6DA0A-D706-48D6-9CE8-675F9B74EBFF}.Debug|x86.ActiveCfg = Debug|Any CPU
		{93B6DA0A-D706-48D6-9CE8-675F9B74EBFF}.Debug|x86.Build.0 = Debug|Any CPU
		{93B6DA0A-D706-48D6-9CE8-675F9B74EBFF}.Release|Any CPU.ActiveCfg = Release|Any CPU
		{93B6DA0A-D706-48D6-9CE8-675F9B74EBFF}.Release|Any CPU.Build.0 = Release|Any CPU
		{93B6DA0A-D706-48D6-9CE8-675F9B74EBFF}.Release|x64.ActiveCfg = Release|Any CPU
		{93B6DA0A-D706-48D6-9CE8-675F9B74EBFF}.Release|x64.Build.0 = Release|Any CPU
		{93B6DA0A-D706-48D6-9CE8-675F9B74EBFF}.Release|x86.ActiveCfg = Release|Any CPU
		{93B6DA0A-D706-48D6-9CE8-675F9B74EBFF}.Release|x86.Build.0 = Release|Any CPU
	EndGlobalSection
	GlobalSection(SolutionProperties) = preSolution
		HideSolutionNode = FALSE
	EndGlobalSection
	GlobalSection(ExtensibilityGlobals) = postSolution
		SolutionGuid = {131912FA-3E59-4A3D-BD51-0A43F9A60D35}
	EndGlobalSection
EndGlobal
